
Microsoft Visual Studio Solution File, Format Version 12.00
# Visual Studio Version 17
VisualStudioVersion = 17.14.37111.16
MinimumVisualStudioVersion = 10.0.40219.1
Project("{FAE04EC0-301F-11D3-BF4B-00C04F79EFBC}") = "HotelReservationSystem", "HotelReservationSystem\HotelReservationSystem.csproj", "{07AF33D0-0177-4B8C-BC36-4AED46508C55}"
EndProject
Global
	GlobalSection(SolutionConfigurationPlatforms) = preSolution
		Debug|Any CPU = Debug|Any CPU
		Release|Any CPU = Release|Any CPU
	EndGlobalSection
	GlobalSection(ProjectConfigurationPlatforms) = postSolution
		{07AF33D0-0177-4B8C-BC36-4AED46508C55}.Debug|Any CPU.ActiveCfg = Debug|Any CPU
		{07AF33D0-0177-4B8C-BC36-4AED46508C55}.Debug|Any CPU.Build.0 = Debug|Any CPU
		{07AF33D0-0177-4B8C-BC36-4AED46508C55}.Release|Any CPU.ActiveCfg = Release|Any CPU
		{07AF33D0-0177-4B8C-BC36-4AED46508C55}.Release|Any CPU.Build.0 = Release|Any CPU
	EndGlobalSection
	GlobalSection(SolutionProperties) = preSolution
		HideSolutionNode = FALSE
	EndGlobalSection
	GlobalSection(ExtensibilityGlobals) = postSolution
		SolutionGuid = {6DB96E7E-EAB8-47BD-9B29-7D1E74585AA7}
	EndGlobalSection
EndGlobal
